
Microsoft Visual Studio Solution File, Format Version 12.00
# Visual Studio Version 17
VisualStudioVersion = 17.10.35027.167
MinimumVisualStudioVersion = 10.0.40219.1
Project("{2150E333-8FDC-42A3-9474-1A3956D46DE8}") = "DOC", "DOC", "{4C4EFE25-0954-4759-B302-8139ADCF08C0}"
EndProject
Project("{2150E333-8FDC-42A3-9474-1A3956D46DE8}") = "SRC", "SRC", "{E0450C9E-A3FD-4EA4-812B-5A1EC996740F}"
EndProject
Project("{2150E333-8FDC-42A3-9474-1A3956D46DE8}") = "Plugins", "Plugins", "{AB56E983-2A5F-414B-B9E3-20FE57DEDFF9}"
EndProject
Project("{2150E333-8FDC-42A3-9474-1A3956D46DE8}") = "TEST", "TEST", "{E8B440AF-2D4C-4CD5-A2F4-51283F2BC113}"
EndProject
Project("{9A19103F-16F7-4668-BE54-9A1E7A4F7556}") = "PowerLab.Control.Tests", "TEST\PowerLab.Control.Tests\PowerLab.Control.Tests.csproj", "{0C574E77-FBB6-4E21-9044-A8A023AF68AB}"
EndProject
Project("{2150E333-8FDC-42A3-9474-1A3956D46DE8}") = "Shared", "Shared", "{02EA681E-C7D8-13C7-8484-4AC65E1B71E8}"
EndProject
Project("{FAE04EC0-301F-11D3-BF4B-00C04F79EFBC}") = "PowerLab.Core", "SRC\Shared\PowerLab.Core\PowerLab.Core.csproj", "{5347A74E-D8DF-E5C7-354B-5B5F8627285F}"
EndProject
Project("{FAE04EC0-301F-11D3-BF4B-00C04F79EFBC}") = "PowerLab.Controls", "SRC\Shared\PowerLab.Controls\PowerLab.Controls.csproj", "{81D74089-EFC8-0512-A483-03CC3112AE60}"
EndProject
Project("{FAE04EC0-301F-11D3-BF4B-00C04F79EFBC}") = "ModuleName", "SRC\Plugins\ModuleName\ModuleName.csproj", "{87A4B042-0585-953E-E6C0-2B0CB95089D3}"
EndProject
Project("{2150E333-8FDC-42A3-9474-1A3956D46DE8}") = "Host", "Host", "{FA764F9B-84DC-41D9-B0BB-20CD917B99AC}"
EndProject
Project("{FAE04EC0-301F-11D3-BF4B-00C04F79EFBC}") = "PluginInstaller", "SRC\Host\PluginInstaller\PluginInstaller.csproj", "{C07A439C-1C74-8A76-9BA0-82BA077FAE4C}"
EndProject
Project("{FAE04EC0-301F-11D3-BF4B-00C04F79EFBC}") = "PowerLab", "SRC\Host\PowerLab\PowerLab.csproj", "{2CC6360F-262A-17C8-6D10-E461489C0EA8}"
EndProject
Project("{FAE04EC0-301F-11D3-BF4B-00C04F79EFBC}") = "PowerLab.Host.Core", "SRC\Host\PowerLab.Host.Core\PowerLab.Host.Core.csproj", "{917AE14F-08B2-4CEC-BE5F-134F3A714DBD}"
EndProject
Project("{FAE04EC0-301F-11D3-BF4B-00C04F79EFBC}") = "PluginB", "SRC\Plugins\PluginB\PluginB.csproj", "{B6BA6DF3-1999-4EAF-A814-C6E5F6CB8692}"
EndProject
Project("{2150E333-8FDC-42A3-9474-1A3956D46DE8}") = "Tools", "Tools", "{E0FC830E-D646-4803-889F-EB197E52AB08}"
EndProject
Project("{FAE04EC0-301F-11D3-BF4B-00C04F79EFBC}") = "PluginPacker", "SRC\Tools\PluginPacker\PluginPacker.csproj", "{55C3EED6-B728-4796-8873-4F6F2830006E}"
EndProject
Global
	GlobalSection(SolutionConfigurationPlatforms) = preSolution
		Debug|Any CPU = Debug|Any CPU
		Release|Any CPU = Release|Any CPU
	EndGlobalSection
	GlobalSection(ProjectConfigurationPlatforms) = postSolution
		{0C574E77-FBB6-4E21-9044-A8A023AF68AB}.Debug|Any CPU.ActiveCfg = Debug|Any CPU
		{0C574E77-FBB6-4E21-9044-A8A023AF68AB}.Debug|Any CPU.Build.0 = Debug|Any CPU
		{0C574E77-FBB6-4E21-9044-A8A023AF68AB}.Release|Any CPU.ActiveCfg = Release|Any CPU
		{0C574E77-FBB6-4E21-9044-A8A023AF68AB}.Release|Any CPU.Build.0 = Release|Any CPU
		{5347A74E-D8DF-E5C7-354B-5B5F8627285F}.Debug|Any CPU.ActiveCfg = Debug|Any CPU
		{5347A74E-D8DF-E5C7-354B-5B5F8627285F}.Debug|Any CPU.Build.0 = Debug|Any CPU
		{5347A74E-D8DF-E5C7-354B-5B5F8627285F}.Release|Any CPU.ActiveCfg = Release|Any CPU
		{5347A74E-D8DF-E5C7-354B-5B5F8627285F}.Release|Any CPU.Build.0 = Release|Any CPU
		{81D74089-EFC8-0512-A483-03CC3112AE60}.Debug|Any CPU.ActiveCfg = Debug|Any CPU
		{81D74089-EFC8-0512-A483-03CC3112AE60}.Debug|Any CPU.Build.0 = Debug|Any CPU
		{81D74089-EFC8-0512-A483-03CC3112AE60}.Release|Any CPU.ActiveCfg = Release|Any CPU
		{81D74089-EFC8-0512-A483-03CC3112AE60}.Release|Any CPU.Build.0 = Release|Any CPU
		{87A4B042-0585-953E-E6C0-2B0CB95089D3}.Debug|Any CPU.ActiveCfg = Debug|Any CPU
		{87A4B042-0585-953E-E6C0-2B0CB95089D3}.Debug|Any CPU.Build.0 = Debug|Any CPU
		{87A4B042-0585-953E-E6C0-2B0CB95089D3}.Release|Any CPU.ActiveCfg = Release|Any CPU
		{87A4B042-0585-953E-E6C0-2B0CB95089D3}.Release|Any CPU.Build.0 = Release|Any CPU
		{C07A439C-1C74-8A76-9BA0-82BA077FAE4C}.Debug|Any CPU.ActiveCfg = Debug|Any CPU
		{C07A439C-1C74-8A76-9BA0-82BA077FAE4C}.Debug|Any CPU.Build.0 = Debug|Any CPU
		{C07A439C-1C74-8A76-9BA0-82BA077FAE4C}.Release|Any CPU.ActiveCfg = Release|Any CPU
		{C07A439C-1C74-8A76-9BA0-82BA077FAE4C}.Release|Any CPU.Build.0 = Release|Any CPU
		{2CC6360F-262A-17C8-6D10-E461489C0EA8}.Debug|Any CPU.ActiveCfg = Debug|Any CPU
		{2CC6360F-262A-17C8-6D10-E461489C0EA8}.Debug|Any CPU.Build.0 = Debug|Any CPU
		{2CC6360F-262A-17C8-6D10-E461489C0EA8}.Release|Any CPU.ActiveCfg = Release|Any CPU
		{2CC6360F-262A-17C8-6D10-E461489C0EA8}.Release|Any CPU.Build.0 = Release|Any CPU
		{917AE14F-08B2-4CEC-BE5F-134F3A714DBD}.Debug|Any CPU.ActiveCfg = Debug|Any CPU
		{917AE14F-08B2-4CEC-BE5F-134F3A714DBD}.Debug|Any CPU.Build.0 = Debug|Any CPU
		{917AE14F-08B2-4CEC-BE5F-134F3A714DBD}.Release|Any CPU.ActiveCfg = Release|Any CPU
		{917AE14F-08B2-4CEC-BE5F-134F3A714DBD}.Release|Any CPU.Build.0 = Release|Any CPU
		{B6BA6DF3-1999-4EAF-A814-C6E5F6CB8692}.Debug|Any CPU.ActiveCfg = Debug|Any CPU
		{B6BA6DF3-1999-4EAF-A814-C6E5F6CB8692}.Debug|Any CPU.Build.0 = Debug|Any CPU
		{B6BA6DF3-1999-4EAF-A814-C6E5F6CB8692}.Release|Any CPU.ActiveCfg = Release|Any CPU
		{B6BA6DF3-1999-4EAF-A814-C6E5F6CB8692}.Release|Any CPU.Build.0 = Release|Any CPU
		{55C3EED6-B728-4796-8873-4F6F2830006E}.Debug|Any CPU.ActiveCfg = Debug|Any CPU
		{55C3EED6-B728-4796-8873-4F6F2830006E}.Debug|Any CPU.Build.0 = Debug|Any CPU
		{55C3EED6-B728-4796-8873-4F6F2830006E}.Release|Any CPU.ActiveCfg = Release|Any CPU
		{55C3EED6-B728-4796-8873-4F6F2830006E}.Release|Any CPU.Build.0 = Release|Any CPU
	EndGlobalSection
	GlobalSection(SolutionProperties) = preSolution
		HideSolutionNode = FALSE
	EndGlobalSection
	GlobalSection(NestedProjects) = preSolution
		{AB56E983-2A5F-414B-B9E3-20FE57DEDFF9} = {E0450C9E-A3FD-4EA4-812B-5A1EC996740F}
		{0C574E77-FBB6-4E21-9044-A8A023AF68AB} = {E8B440AF-2D4C-4CD5-A2F4-51283F2BC113}
		{02EA681E-C7D8-13C7-8484-4AC65E1B71E8} = {E0450C9E-A3FD-4EA4-812B-5A1EC996740F}
		{5347A74E-D8DF-E5C7-354B-5B5F8627285F} = {02EA681E-C7D8-13C7-8484-4AC65E1B71E8}
		{81D74089-EFC8-0512-A483-03CC3112AE60} = {02EA681E-C7D8-13C7-8484-4AC65E1B71E8}
		{87A4B042-0585-953E-E6C0-2B0CB95089D3} = {AB56E983-2A5F-414B-B9E3-20FE57DEDFF9}
		{FA764F9B-84DC-41D9-B0BB-20CD917B99AC} = {E0450C9E-A3FD-4EA4-812B-5A1EC996740F}
		{C07A439C-1C74-8A76-9BA0-82BA077FAE4C} = {FA764F9B-84DC-41D9-B0BB-20CD917B99AC}
		{2CC6360F-262A-17C8-6D10-E461489C0EA8} = {FA764F9B-84DC-41D9-B0BB-20CD917B99AC}
		{917AE14F-08B2-4CEC-BE5F-134F3A714DBD} = {FA764F9B-84DC-41D9-B0BB-20CD917B99AC}
		{B6BA6DF3-1999-4EAF-A814-C6E5F6CB8692} = {AB56E983-2A5F-414B-B9E3-20FE57DEDFF9}
		{E0FC830E-D646-4803-889F-EB197E52AB08} = {E0450C9E-A3FD-4EA4-812B-5A1EC996740F}
		{55C3EED6-B728-4796-8873-4F6F2830006E} = {E0FC830E-D646-4803-889F-EB197E52AB08}
	EndGlobalSection
	GlobalSection(ExtensibilityGlobals) = postSolution
		SolutionGuid = {17F090BE-05C4-4A3B-8E16-DE06367CAF21}
	EndGlobalSection
EndGlobal
