
Microsoft Visual Studio Solution File, Format Version 12.00
# Visual Studio Version 17
VisualStudioVersion = 17.10.35027.167
MinimumVisualStudioVersion = 10.0.40219.1
Project("{2150E333-8FDC-42A3-9474-1A3956D46DE8}") = "DOC", "DOC", "{4C4EFE25-0954-4759-B302-8139ADCF08C0}"
EndProject
Project("{2150E333-8FDC-42A3-9474-1A3956D46DE8}") = "SRC", "SRC", "{E0450C9E-A3FD-4EA4-812B-5A1EC996740F}"
EndProject
Project("{2150E333-8FDC-42A3-9474-1A3956D46DE8}") = "Plugins", "Plugins", "{AB56E983-2A5F-414B-B9E3-20FE57DEDFF9}"
EndProject
Project("{2150E333-8FDC-42A3-9474-1A3956D46DE8}") = "TEST", "TEST", "{E8B440AF-2D4C-4CD5-A2F4-51283F2BC113}"
EndProject
Project("{9A19103F-16F7-4668-BE54-9A1E7A4F7556}") = "PowerLab.Control.Tests", "TEST\PowerLab.Control.Tests\PowerLab.Control.Tests.csproj", "{0C574E77-FBB6-4E21-9044-A8A023AF68AB}"
EndProject
Project("{2150E333-8FDC-42A3-9474-1A3956D46DE8}") = "Shared", "Shared", "{02EA681E-C7D8-13C7-8484-4AC65E1B71E8}"
EndProject
Project("{FAE04EC0-301F-11D3-BF4B-00C04F79EFBC}") = "PowerLab.Core", "SRC\Shared\PowerLab.Core\PowerLab.Core.csproj", "{5347A74E-D8DF-E5C7-354B-5B5F8627285F}"
EndProject
Project("{FAE04EC0-301F-11D3-BF4B-00C04F79EFBC}") = "PowerLab.Controls", "SRC\Shared\PowerLab.Controls\PowerLab.Controls.csproj", "{81D74089-EFC8-0512-A483-03CC3112AE60}"
EndProject
Project("{FAE04EC0-301F-11D3-BF4B-00C04F79EFBC}") = "ModuleName", "SRC\Plugins\ModuleName\ModuleName.csproj", "{87A4B042-0585-953E-E6C0-2B0CB95089D3}"
EndProject
Project("{2150E333-8FDC-42A3-9474-1A3956D46DE8}") = "Host", "Host", "{FA764F9B-84DC-41D9-B0BB-20CD917B99AC}"
EndProject
Project("{FAE04EC0-301F-11D3-BF4B-00C04F79EFBC}") = "PluginInstaller", "SRC\Host\PluginInstaller\PluginInstaller.csproj", "{C07A439C-1C74-8A76-9BA0-82BA077FAE4C}"
EndProject
Project("{FAE04EC0-301F-11D3-BF4B-00C04F79EFBC}") = "PowerLab", "SRC\Host\PowerLab\PowerLab.csproj", "{2CC6360F-262A-17C8-6D10-E461489C0EA8}"
EndProject
Project("{FAE04EC0-301F-11D3-BF4B-00C04F79EFBC}") = "PowerLab.Host.Core", "SRC\Host\PowerLab.Host.Core\PowerLab.Host.Core.csproj", "{917AE14F-08B2-4CEC-BE5F-134F3A714DBD}"
EndProject
Project("{FAE04EC0-301F-11D3-BF4B-00C04F79EFBC}") = "PluginB", "SRC\Plugins\PluginB\PluginB.csproj", "{B6BA6DF3-1999-4EAF-A814-C6E5F6CB8692}"
EndProject
Project("{2150E333-8FDC-42A3-9474-1A3956D46DE8}") = "Tools", "Tools", "{E0FC830E-D646-4803-889F-EB197E52AB08}"
EndProject
Project("{FAE04EC0-301F-11D3-BF4B-00C04F79EFBC}") = "PluginPacker", "SRC\Tools\PluginPacker\PluginPacker.csproj", "{55C3EED6-B728-4796-8873-4F6F2830006E}"
EndProject
Project("{2150E333-8FDC-42A3-9474-1A3956D46DE8}") = "Installer", "Installer", "{34491AED-60E2-4ACD-9C20-07F499A9EB77}"
EndProject
Project("{B7DD6F7E-DEF8-4E67-B5B7-07EF123DB6F0}") = "PowerLab.Installer.MSI", "SRC\Installer\PowerLab.Installer.MSI\PowerLab.Installer.MSI.wixproj", "{008DF877-A243-4E6D-BD37-2A3014144F0E}"
EndProject
Project("{B7DD6F7E-DEF8-4E67-B5B7-07EF123DB6F0}") = "PowerLab.Installer.Bundle", "SRC\Installer\PowerLab.Installer.Bundle\PowerLab.Installer.Bundle.wixproj", "{EBB10726-678C-40B2-96CD-0F3C579A321A}"
EndProject
Project("{FAE04EC0-301F-11D3-BF4B-00C04F79EFBC}") = "PowerLab.Installer.Bootstrapper", "SRC\Installer\PowerLab.Installer.Bootstrapper\PowerLab.Installer.Bootstrapper.csproj", "{0706CAEB-92FE-EC57-874F-E1A95A8AE613}"
EndProject
Project("{B7DD6F7E-DEF8-4E67-B5B7-07EF123DB6F0}") = "PowerLab.PluginInstaller.MSI", "SRC\Installer\PowerLab.PluginInstaller.MSI\PowerLab.PluginInstaller.MSI.wixproj", "{893AC782-A98B-4CFD-AAB7-F99424D2D244}"
EndProject
Project("{FAE04EC0-301F-11D3-BF4B-00C04F79EFBC}") = "PowerLab.FishyTime", "SRC\Plugins\PowerLab.FishyTime\PowerLab.FishyTime.csproj", "{27D4209B-4905-4ADA-9733-AEB1950B0A84}"
EndProject
Global
	GlobalSection(SolutionConfigurationPlatforms) = preSolution
		Debug|Any CPU = Debug|Any CPU
		Debug|ARM64 = Debug|ARM64
		Debug|x64 = Debug|x64
		Debug|x86 = Debug|x86
		Release|Any CPU = Release|Any CPU
		Release|ARM64 = Release|ARM64
		Release|x64 = Release|x64
		Release|x86 = Release|x86
	EndGlobalSection
	GlobalSection(ProjectConfigurationPlatforms) = postSolution
		{0C574E77-FBB6-4E21-9044-A8A023AF68AB}.Debug|Any CPU.ActiveCfg = Debug|Any CPU
		{0C574E77-FBB6-4E21-9044-A8A023AF68AB}.Debug|Any CPU.Build.0 = Debug|Any CPU
		{0C574E77-FBB6-4E21-9044-A8A023AF68AB}.Debug|ARM64.ActiveCfg = Debug|Any CPU
		{0C574E77-FBB6-4E21-9044-A8A023AF68AB}.Debug|ARM64.Build.0 = Debug|Any CPU
		{0C574E77-FBB6-4E21-9044-A8A023AF68AB}.Debug|x64.ActiveCfg = Debug|Any CPU
		{0C574E77-FBB6-4E21-9044-A8A023AF68AB}.Debug|x64.Build.0 = Debug|Any CPU
		{0C574E77-FBB6-4E21-9044-A8A023AF68AB}.Debug|x86.ActiveCfg = Debug|Any CPU
		{0C574E77-FBB6-4E21-9044-A8A023AF68AB}.Debug|x86.Build.0 = Debug|Any CPU
		{0C574E77-FBB6-4E21-9044-A8A023AF68AB}.Release|Any CPU.ActiveCfg = Release|Any CPU
		{0C574E77-FBB6-4E21-9044-A8A023AF68AB}.Release|Any CPU.Build.0 = Release|Any CPU
		{0C574E77-FBB6-4E21-9044-A8A023AF68AB}.Release|ARM64.ActiveCfg = Release|Any CPU
		{0C574E77-FBB6-4E21-9044-A8A023AF68AB}.Release|ARM64.Build.0 = Release|Any CPU
		{0C574E77-FBB6-4E21-9044-A8A023AF68AB}.Release|x64.ActiveCfg = Release|Any CPU
		{0C574E77-FBB6-4E21-9044-A8A023AF68AB}.Release|x64.Build.0 = Release|Any CPU
		{0C574E77-FBB6-4E21-9044-A8A023AF68AB}.Release|x86.ActiveCfg = Release|Any CPU
		{0C574E77-FBB6-4E21-9044-A8A023AF68AB}.Release|x86.Build.0 = Release|Any CPU
		{5347A74E-D8DF-E5C7-354B-5B5F8627285F}.Debug|Any CPU.ActiveCfg = Debug|Any CPU
		{5347A74E-D8DF-E5C7-354B-5B5F8627285F}.Debug|Any CPU.Build.0 = Debug|Any CPU
		{5347A74E-D8DF-E5C7-354B-5B5F8627285F}.Debug|ARM64.ActiveCfg = Debug|Any CPU
		{5347A74E-D8DF-E5C7-354B-5B5F8627285F}.Debug|ARM64.Build.0 = Debug|Any CPU
		{5347A74E-D8DF-E5C7-354B-5B5F8627285F}.Debug|x64.ActiveCfg = Debug|Any CPU
		{5347A74E-D8DF-E5C7-354B-5B5F8627285F}.Debug|x64.Build.0 = Debug|Any CPU
		{5347A74E-D8DF-E5C7-354B-5B5F8627285F}.Debug|x86.ActiveCfg = Debug|Any CPU
		{5347A74E-D8DF-E5C7-354B-5B5F8627285F}.Debug|x86.Build.0 = Debug|Any CPU
		{5347A74E-D8DF-E5C7-354B-5B5F8627285F}.Release|Any CPU.ActiveCfg = Release|Any CPU
		{5347A74E-D8DF-E5C7-354B-5B5F8627285F}.Release|Any CPU.Build.0 = Release|Any CPU
		{5347A74E-D8DF-E5C7-354B-5B5F8627285F}.Release|ARM64.ActiveCfg = Release|Any CPU
		{5347A74E-D8DF-E5C7-354B-5B5F8627285F}.Release|ARM64.Build.0 = Release|Any CPU
		{5347A74E-D8DF-E5C7-354B-5B5F8627285F}.Release|x64.ActiveCfg = Release|Any CPU
		{5347A74E-D8DF-E5C7-354B-5B5F8627285F}.Release|x64.Build.0 = Release|Any CPU
		{5347A74E-D8DF-E5C7-354B-5B5F8627285F}.Release|x86.ActiveCfg = Release|Any CPU
		{5347A74E-D8DF-E5C7-354B-5B5F8627285F}.Release|x86.Build.0 = Release|Any CPU
		{81D74089-EFC8-0512-A483-03CC3112AE60}.Debug|Any CPU.ActiveCfg = Debug|Any CPU
		{81D74089-EFC8-0512-A483-03CC3112AE60}.Debug|Any CPU.Build.0 = Debug|Any CPU
		{81D74089-EFC8-0512-A483-03CC3112AE60}.Debug|ARM64.ActiveCfg = Debug|Any CPU
		{81D74089-EFC8-0512-A483-03CC3112AE60}.Debug|ARM64.Build.0 = Debug|Any CPU
		{81D74089-EFC8-0512-A483-03CC3112AE60}.Debug|x64.ActiveCfg = Debug|Any CPU
		{81D74089-EFC8-0512-A483-03CC3112AE60}.Debug|x64.Build.0 = Debug|Any CPU
		{81D74089-EFC8-0512-A483-03CC3112AE60}.Debug|x86.ActiveCfg = Debug|Any CPU
		{81D74089-EFC8-0512-A483-03CC3112AE60}.Debug|x86.Build.0 = Debug|Any CPU
		{81D74089-EFC8-0512-A483-03CC3112AE60}.Release|Any CPU.ActiveCfg = Release|Any CPU
		{81D74089-EFC8-0512-A483-03CC3112AE60}.Release|Any CPU.Build.0 = Release|Any CPU
		{81D74089-EFC8-0512-A483-03CC3112AE60}.Release|ARM64.ActiveCfg = Release|Any CPU
		{81D74089-EFC8-0512-A483-03CC3112AE60}.Release|ARM64.Build.0 = Release|Any CPU
		{81D74089-EFC8-0512-A483-03CC3112AE60}.Release|x64.ActiveCfg = Release|Any CPU
		{81D74089-EFC8-0512-A483-03CC3112AE60}.Release|x64.Build.0 = Release|Any CPU
		{81D74089-EFC8-0512-A483-03CC3112AE60}.Release|x86.ActiveCfg = Release|Any CPU
		{81D74089-EFC8-0512-A483-03CC3112AE60}.Release|x86.Build.0 = Release|Any CPU
		{87A4B042-0585-953E-E6C0-2B0CB95089D3}.Debug|Any CPU.ActiveCfg = Debug|Any CPU
		{87A4B042-0585-953E-E6C0-2B0CB95089D3}.Debug|Any CPU.Build.0 = Debug|Any CPU
		{87A4B042-0585-953E-E6C0-2B0CB95089D3}.Debug|ARM64.ActiveCfg = Debug|Any CPU
		{87A4B042-0585-953E-E6C0-2B0CB95089D3}.Debug|ARM64.Build.0 = Debug|Any CPU
		{87A4B042-0585-953E-E6C0-2B0CB95089D3}.Debug|x64.ActiveCfg = Debug|Any CPU
		{87A4B042-0585-953E-E6C0-2B0CB95089D3}.Debug|x64.Build.0 = Debug|Any CPU
		{87A4B042-0585-953E-E6C0-2B0CB95089D3}.Debug|x86.ActiveCfg = Debug|Any CPU
		{87A4B042-0585-953E-E6C0-2B0CB95089D3}.Debug|x86.Build.0 = Debug|Any CPU
		{87A4B042-0585-953E-E6C0-2B0CB95089D3}.Release|Any CPU.ActiveCfg = Release|Any CPU
		{87A4B042-0585-953E-E6C0-2B0CB95089D3}.Release|Any CPU.Build.0 = Release|Any CPU
		{87A4B042-0585-953E-E6C0-2B0CB95089D3}.Release|ARM64.ActiveCfg = Release|Any CPU
		{87A4B042-0585-953E-E6C0-2B0CB95089D3}.Release|ARM64.Build.0 = Release|Any CPU
		{87A4B042-0585-953E-E6C0-2B0CB95089D3}.Release|x64.ActiveCfg = Release|Any CPU
		{87A4B042-0585-953E-E6C0-2B0CB95089D3}.Release|x64.Build.0 = Release|Any CPU
		{87A4B042-0585-953E-E6C0-2B0CB95089D3}.Release|x86.ActiveCfg = Release|Any CPU
		{87A4B042-0585-953E-E6C0-2B0CB95089D3}.Release|x86.Build.0 = Release|Any CPU
		{C07A439C-1C74-8A76-9BA0-82BA077FAE4C}.Debug|Any CPU.ActiveCfg = Debug|Any CPU
		{C07A439C-1C74-8A76-9BA0-82BA077FAE4C}.Debug|Any CPU.Build.0 = Debug|Any CPU
		{C07A439C-1C74-8A76-9BA0-82BA077FAE4C}.Debug|ARM64.ActiveCfg = Debug|Any CPU
		{C07A439C-1C74-8A76-9BA0-82BA077FAE4C}.Debug|ARM64.Build.0 = Debug|Any CPU
		{C07A439C-1C74-8A76-9BA0-82BA077FAE4C}.Debug|x64.ActiveCfg = Debug|Any CPU
		{C07A439C-1C74-8A76-9BA0-82BA077FAE4C}.Debug|x64.Build.0 = Debug|Any CPU
		{C07A439C-1C74-8A76-9BA0-82BA077FAE4C}.Debug|x86.ActiveCfg = Debug|Any CPU
		{C07A439C-1C74-8A76-9BA0-82BA077FAE4C}.Debug|x86.Build.0 = Debug|Any CPU
		{C07A439C-1C74-8A76-9BA0-82BA077FAE4C}.Release|Any CPU.ActiveCfg = Release|Any CPU
		{C07A439C-1C74-8A76-9BA0-82BA077FAE4C}.Release|Any CPU.Build.0 = Release|Any CPU
		{C07A439C-1C74-8A76-9BA0-82BA077FAE4C}.Release|ARM64.ActiveCfg = Release|Any CPU
		{C07A439C-1C74-8A76-9BA0-82BA077FAE4C}.Release|ARM64.Build.0 = Release|Any CPU
		{C07A439C-1C74-8A76-9BA0-82BA077FAE4C}.Release|x64.ActiveCfg = Release|Any CPU
		{C07A439C-1C74-8A76-9BA0-82BA077FAE4C}.Release|x64.Build.0 = Release|Any CPU
		{C07A439C-1C74-8A76-9BA0-82BA077FAE4C}.Release|x86.ActiveCfg = Release|Any CPU
		{C07A439C-1C74-8A76-9BA0-82BA077FAE4C}.Release|x86.Build.0 = Release|Any CPU
		{2CC6360F-262A-17C8-6D10-E461489C0EA8}.Debug|Any CPU.ActiveCfg = Debug|Any CPU
		{2CC6360F-262A-17C8-6D10-E461489C0EA8}.Debug|Any CPU.Build.0 = Debug|Any CPU
		{2CC6360F-262A-17C8-6D10-E461489C0EA8}.Debug|ARM64.ActiveCfg = Debug|Any CPU
		{2CC6360F-262A-17C8-6D10-E461489C0EA8}.Debug|ARM64.Build.0 = Debug|Any CPU
		{2CC6360F-262A-17C8-6D10-E461489C0EA8}.Debug|x64.ActiveCfg = Debug|Any CPU
		{2CC6360F-262A-17C8-6D10-E461489C0EA8}.Debug|x64.Build.0 = Debug|Any CPU
		{2CC6360F-262A-17C8-6D10-E461489C0EA8}.Debug|x86.ActiveCfg = Debug|Any CPU
		{2CC6360F-262A-17C8-6D10-E461489C0EA8}.Debug|x86.Build.0 = Debug|Any CPU
		{2CC6360F-262A-17C8-6D10-E461489C0EA8}.Release|Any CPU.ActiveCfg = Release|Any CPU
		{2CC6360F-262A-17C8-6D10-E461489C0EA8}.Release|Any CPU.Build.0 = Release|Any CPU
		{2CC6360F-262A-17C8-6D10-E461489C0EA8}.Release|ARM64.ActiveCfg = Release|Any CPU
		{2CC6360F-262A-17C8-6D10-E461489C0EA8}.Release|ARM64.Build.0 = Release|Any CPU
		{2CC6360F-262A-17C8-6D10-E461489C0EA8}.Release|x64.ActiveCfg = Release|Any CPU
		{2CC6360F-262A-17C8-6D10-E461489C0EA8}.Release|x64.Build.0 = Release|Any CPU
		{2CC6360F-262A-17C8-6D10-E461489C0EA8}.Release|x86.ActiveCfg = Release|Any CPU
		{2CC6360F-262A-17C8-6D10-E461489C0EA8}.Release|x86.Build.0 = Release|Any CPU
		{917AE14F-08B2-4CEC-BE5F-134F3A714DBD}.Debug|Any CPU.ActiveCfg = Debug|Any CPU
		{917AE14F-08B2-4CEC-BE5F-134F3A714DBD}.Debug|Any CPU.Build.0 = Debug|Any CPU
		{917AE14F-08B2-4CEC-BE5F-134F3A714DBD}.Debug|ARM64.ActiveCfg = Debug|Any CPU
		{917AE14F-08B2-4CEC-BE5F-134F3A714DBD}.Debug|ARM64.Build.0 = Debug|Any CPU
		{917AE14F-08B2-4CEC-BE5F-134F3A714DBD}.Debug|x64.ActiveCfg = Debug|Any CPU
		{917AE14F-08B2-4CEC-BE5F-134F3A714DBD}.Debug|x64.Build.0 = Debug|Any CPU
		{917AE14F-08B2-4CEC-BE5F-134F3A714DBD}.Debug|x86.ActiveCfg = Debug|Any CPU
		{917AE14F-08B2-4CEC-BE5F-134F3A714DBD}.Debug|x86.Build.0 = Debug|Any CPU
		{917AE14F-08B2-4CEC-BE5F-134F3A714DBD}.Release|Any CPU.ActiveCfg = Release|Any CPU
		{917AE14F-08B2-4CEC-BE5F-134F3A714DBD}.Release|Any CPU.Build.0 = Release|Any CPU
		{917AE14F-08B2-4CEC-BE5F-134F3A714DBD}.Release|ARM64.ActiveCfg = Release|Any CPU
		{917AE14F-08B2-4CEC-BE5F-134F3A714DBD}.Release|ARM64.Build.0 = Release|Any CPU
		{917AE14F-08B2-4CEC-BE5F-134F3A714DBD}.Release|x64.ActiveCfg = Release|Any CPU
		{917AE14F-08B2-4CEC-BE5F-134F3A714DBD}.Release|x64.Build.0 = Release|Any CPU
		{917AE14F-08B2-4CEC-BE5F-134F3A714DBD}.Release|x86.ActiveCfg = Release|Any CPU
		{917AE14F-08B2-4CEC-BE5F-134F3A714DBD}.Release|x86.Build.0 = Release|Any CPU
		{B6BA6DF3-1999-4EAF-A814-C6E5F6CB8692}.Debug|Any CPU.ActiveCfg = Debug|Any CPU
		{B6BA6DF3-1999-4EAF-A814-C6E5F6CB8692}.Debug|Any CPU.Build.0 = Debug|Any CPU
		{B6BA6DF3-1999-4EAF-A814-C6E5F6CB8692}.Debug|ARM64.ActiveCfg = Debug|Any CPU
		{B6BA6DF3-1999-4EAF-A814-C6E5F6CB8692}.Debug|ARM64.Build.0 = Debug|Any CPU
		{B6BA6DF3-1999-4EAF-A814-C6E5F6CB8692}.Debug|x64.ActiveCfg = Debug|Any CPU
		{B6BA6DF3-1999-4EAF-A814-C6E5F6CB8692}.Debug|x64.Build.0 = Debug|Any CPU
		{B6BA6DF3-1999-4EAF-A814-C6E5F6CB8692}.Debug|x86.ActiveCfg = Debug|Any CPU
		{B6BA6DF3-1999-4EAF-A814-C6E5F6CB8692}.Debug|x86.Build.0 = Debug|Any CPU
		{B6BA6DF3-1999-4EAF-A814-C6E5F6CB8692}.Release|Any CPU.ActiveCfg = Release|Any CPU
		{B6BA6DF3-1999-4EAF-A814-C6E5F6CB8692}.Release|Any CPU.Build.0 = Release|Any CPU
		{B6BA6DF3-1999-4EAF-A814-C6E5F6CB8692}.Release|ARM64.ActiveCfg = Release|Any CPU
		{B6BA6DF3-1999-4EAF-A814-C6E5F6CB8692}.Release|ARM64.Build.0 = Release|Any CPU
		{B6BA6DF3-1999-4EAF-A814-C6E5F6CB8692}.Release|x64.ActiveCfg = Release|Any CPU
		{B6BA6DF3-1999-4EAF-A814-C6E5F6CB8692}.Release|x64.Build.0 = Release|Any CPU
		{B6BA6DF3-1999-4EAF-A814-C6E5F6CB8692}.Release|x86.ActiveCfg = Release|Any CPU
		{B6BA6DF3-1999-4EAF-A814-C6E5F6CB8692}.Release|x86.Build.0 = Release|Any CPU
		{55C3EED6-B728-4796-8873-4F6F2830006E}.Debug|Any CPU.ActiveCfg = Debug|Any CPU
		{55C3EED6-B728-4796-8873-4F6F2830006E}.Debug|Any CPU.Build.0 = Debug|Any CPU
		{55C3EED6-B728-4796-8873-4F6F2830006E}.Debug|ARM64.ActiveCfg = Debug|Any CPU
		{55C3EED6-B728-4796-8873-4F6F2830006E}.Debug|ARM64.Build.0 = Debug|Any CPU
		{55C3EED6-B728-4796-8873-4F6F2830006E}.Debug|x64.ActiveCfg = Debug|Any CPU
		{55C3EED6-B728-4796-8873-4F6F2830006E}.Debug|x64.Build.0 = Debug|Any CPU
		{55C3EED6-B728-4796-8873-4F6F2830006E}.Debug|x86.ActiveCfg = Debug|Any CPU
		{55C3EED6-B728-4796-8873-4F6F2830006E}.Debug|x86.Build.0 = Debug|Any CPU
		{55C3EED6-B728-4796-8873-4F6F2830006E}.Release|Any CPU.ActiveCfg = Release|Any CPU
		{55C3EED6-B728-4796-8873-4F6F2830006E}.Release|Any CPU.Build.0 = Release|Any CPU
		{55C3EED6-B728-4796-8873-4F6F2830006E}.Release|ARM64.ActiveCfg = Release|Any CPU
		{55C3EED6-B728-4796-8873-4F6F2830006E}.Release|ARM64.Build.0 = Release|Any CPU
		{55C3EED6-B728-4796-8873-4F6F2830006E}.Release|x64.ActiveCfg = Release|Any CPU
		{55C3EED6-B728-4796-8873-4F6F2830006E}.Release|x64.Build.0 = Release|Any CPU
		{55C3EED6-B728-4796-8873-4F6F2830006E}.Release|x86.ActiveCfg = Release|Any CPU
		{55C3EED6-B728-4796-8873-4F6F2830006E}.Release|x86.Build.0 = Release|Any CPU
		{008DF877-A243-4E6D-BD37-2A3014144F0E}.Debug|Any CPU.ActiveCfg = Debug|x64
		{008DF877-A243-4E6D-BD37-2A3014144F0E}.Debug|Any CPU.Build.0 = Debug|x64
		{008DF877-A243-4E6D-BD37-2A3014144F0E}.Debug|ARM64.ActiveCfg = Debug|ARM64
		{008DF877-A243-4E6D-BD37-2A3014144F0E}.Debug|ARM64.Build.0 = Debug|ARM64
		{008DF877-A243-4E6D-BD37-2A3014144F0E}.Debug|x64.ActiveCfg = Debug|x64
		{008DF877-A243-4E6D-BD37-2A3014144F0E}.Debug|x64.Build.0 = Debug|x64
		{008DF877-A243-4E6D-BD37-2A3014144F0E}.Debug|x86.ActiveCfg = Debug|x86
		{008DF877-A243-4E6D-BD37-2A3014144F0E}.Debug|x86.Build.0 = Debug|x86
		{008DF877-A243-4E6D-BD37-2A3014144F0E}.Release|Any CPU.ActiveCfg = Release|x64
		{008DF877-A243-4E6D-BD37-2A3014144F0E}.Release|Any CPU.Build.0 = Release|x64
		{008DF877-A243-4E6D-BD37-2A3014144F0E}.Release|ARM64.ActiveCfg = Release|ARM64
		{008DF877-A243-4E6D-BD37-2A3014144F0E}.Release|ARM64.Build.0 = Release|ARM64
		{008DF877-A243-4E6D-BD37-2A3014144F0E}.Release|x64.ActiveCfg = Release|x64
		{008DF877-A243-4E6D-BD37-2A3014144F0E}.Release|x64.Build.0 = Release|x64
		{008DF877-A243-4E6D-BD37-2A3014144F0E}.Release|x86.ActiveCfg = Release|x86
		{008DF877-A243-4E6D-BD37-2A3014144F0E}.Release|x86.Build.0 = Release|x86
		{EBB10726-678C-40B2-96CD-0F3C579A321A}.Debug|Any CPU.ActiveCfg = Debug|x64
		{EBB10726-678C-40B2-96CD-0F3C579A321A}.Debug|Any CPU.Build.0 = Debug|x64
		{EBB10726-678C-40B2-96CD-0F3C579A321A}.Debug|ARM64.ActiveCfg = Debug|ARM64
		{EBB10726-678C-40B2-96CD-0F3C579A321A}.Debug|ARM64.Build.0 = Debug|ARM64
		{EBB10726-678C-40B2-96CD-0F3C579A321A}.Debug|x64.ActiveCfg = Debug|x64
		{EBB10726-678C-40B2-96CD-0F3C579A321A}.Debug|x64.Build.0 = Debug|x64
		{EBB10726-678C-40B2-96CD-0F3C579A321A}.Debug|x86.ActiveCfg = Debug|x86
		{EBB10726-678C-40B2-96CD-0F3C579A321A}.Debug|x86.Build.0 = Debug|x86
		{EBB10726-678C-40B2-96CD-0F3C579A321A}.Release|Any CPU.ActiveCfg = Release|x64
		{EBB10726-678C-40B2-96CD-0F3C579A321A}.Release|Any CPU.Build.0 = Release|x64
		{EBB10726-678C-40B2-96CD-0F3C579A321A}.Release|ARM64.ActiveCfg = Release|ARM64
		{EBB10726-678C-40B2-96CD-0F3C579A321A}.Release|ARM64.Build.0 = Release|ARM64
		{EBB10726-678C-40B2-96CD-0F3C579A321A}.Release|x64.ActiveCfg = Release|x64
		{EBB10726-678C-40B2-96CD-0F3C579A321A}.Release|x64.Build.0 = Release|x64
		{EBB10726-678C-40B2-96CD-0F3C579A321A}.Release|x86.ActiveCfg = Release|x86
		{EBB10726-678C-40B2-96CD-0F3C579A321A}.Release|x86.Build.0 = Release|x86
		{0706CAEB-92FE-EC57-874F-E1A95A8AE613}.Debug|Any CPU.ActiveCfg = Debug|Any CPU
		{0706CAEB-92FE-EC57-874F-E1A95A8AE613}.Debug|Any CPU.Build.0 = Debug|Any CPU
		{0706CAEB-92FE-EC57-874F-E1A95A8AE613}.Debug|ARM64.ActiveCfg = Debug|Any CPU
		{0706CAEB-92FE-EC57-874F-E1A95A8AE613}.Debug|ARM64.Build.0 = Debug|Any CPU
		{0706CAEB-92FE-EC57-874F-E1A95A8AE613}.Debug|x64.ActiveCfg = Debug|Any CPU
		{0706CAEB-92FE-EC57-874F-E1A95A8AE613}.Debug|x64.Build.0 = Debug|Any CPU
		{0706CAEB-92FE-EC57-874F-E1A95A8AE613}.Debug|x86.ActiveCfg = Debug|Any CPU
		{0706CAEB-92FE-EC57-874F-E1A95A8AE613}.Debug|x86.Build.0 = Debug|Any CPU
		{0706CAEB-92FE-EC57-874F-E1A95A8AE613}.Release|Any CPU.ActiveCfg = Release|Any CPU
		{0706CAEB-92FE-EC57-874F-E1A95A8AE613}.Release|Any CPU.Build.0 = Release|Any CPU
		{0706CAEB-92FE-EC57-874F-E1A95A8AE613}.Release|ARM64.ActiveCfg = Release|Any CPU
		{0706CAEB-92FE-EC57-874F-E1A95A8AE613}.Release|ARM64.Build.0 = Release|Any CPU
		{0706CAEB-92FE-EC57-874F-E1A95A8AE613}.Release|x64.ActiveCfg = Release|Any CPU
		{0706CAEB-92FE-EC57-874F-E1A95A8AE613}.Release|x64.Build.0 = Release|Any CPU
		{0706CAEB-92FE-EC57-874F-E1A95A8AE613}.Release|x86.ActiveCfg = Release|Any CPU
		{0706CAEB-92FE-EC57-874F-E1A95A8AE613}.Release|x86.Build.0 = Release|Any CPU
		{893AC782-A98B-4CFD-AAB7-F99424D2D244}.Debug|Any CPU.ActiveCfg = Debug|x64
		{893AC782-A98B-4CFD-AAB7-F99424D2D244}.Debug|Any CPU.Build.0 = Debug|x64
		{893AC782-A98B-4CFD-AAB7-F99424D2D244}.Debug|ARM64.ActiveCfg = Debug|ARM64
		{893AC782-A98B-4CFD-AAB7-F99424D2D244}.Debug|ARM64.Build.0 = Debug|ARM64
		{893AC782-A98B-4CFD-AAB7-F99424D2D244}.Debug|x64.ActiveCfg = Debug|x64
		{893AC782-A98B-4CFD-AAB7-F99424D2D244}.Debug|x64.Build.0 = Debug|x64
		{893AC782-A98B-4CFD-AAB7-F99424D2D244}.Debug|x86.ActiveCfg = Debug|x86
		{893AC782-A98B-4CFD-AAB7-F99424D2D244}.Debug|x86.Build.0 = Debug|x86
		{893AC782-A98B-4CFD-AAB7-F99424D2D244}.Release|Any CPU.ActiveCfg = Release|x64
		{893AC782-A98B-4CFD-AAB7-F99424D2D244}.Release|Any CPU.Build.0 = Release|x64
		{893AC782-A98B-4CFD-AAB7-F99424D2D244}.Release|ARM64.ActiveCfg = Release|ARM64
		{893AC782-A98B-4CFD-AAB7-F99424D2D244}.Release|ARM64.Build.0 = Release|ARM64
		{893AC782-A98B-4CFD-AAB7-F99424D2D244}.Release|x64.ActiveCfg = Release|x64
		{893AC782-A98B-4CFD-AAB7-F99424D2D244}.Release|x64.Build.0 = Release|x64
		{893AC782-A98B-4CFD-AAB7-F99424D2D244}.Release|x86.ActiveCfg = Release|x86
		{893AC782-A98B-4CFD-AAB7-F99424D2D244}.Release|x86.Build.0 = Release|x86
		{27D4209B-4905-4ADA-9733-AEB1950B0A84}.Debug|Any CPU.ActiveCfg = Debug|Any CPU
		{27D4209B-4905-4ADA-9733-AEB1950B0A84}.Debug|Any CPU.Build.0 = Debug|Any CPU
		{27D4209B-4905-4ADA-9733-AEB1950B0A84}.Debug|ARM64.ActiveCfg = Debug|Any CPU
		{27D4209B-4905-4ADA-9733-AEB1950B0A84}.Debug|ARM64.Build.0 = Debug|Any CPU
		{27D4209B-4905-4ADA-9733-AEB1950B0A84}.Debug|x64.ActiveCfg = Debug|Any CPU
		{27D4209B-4905-4ADA-9733-AEB1950B0A84}.Debug|x64.Build.0 = Debug|Any CPU
		{27D4209B-4905-4ADA-9733-AEB1950B0A84}.Debug|x86.ActiveCfg = Debug|Any CPU
		{27D4209B-4905-4ADA-9733-AEB1950B0A84}.Debug|x86.Build.0 = Debug|Any CPU
		{27D4209B-4905-4ADA-9733-AEB1950B0A84}.Release|Any CPU.ActiveCfg = Release|Any CPU
		{27D4209B-4905-4ADA-9733-AEB1950B0A84}.Release|Any CPU.Build.0 = Release|Any CPU
		{27D4209B-4905-4ADA-9733-AEB1950B0A84}.Release|ARM64.ActiveCfg = Release|Any CPU
		{27D4209B-4905-4ADA-9733-AEB1950B0A84}.Release|ARM64.Build.0 = Release|Any CPU
		{27D4209B-4905-4ADA-9733-AEB1950B0A84}.Release|x64.ActiveCfg = Release|Any CPU
		{27D4209B-4905-4ADA-9733-AEB1950B0A84}.Release|x64.Build.0 = Release|Any CPU
		{27D4209B-4905-4ADA-9733-AEB1950B0A84}.Release|x86.ActiveCfg = Release|Any CPU
		{27D4209B-4905-4ADA-9733-AEB1950B0A84}.Release|x86.Build.0 = Release|Any CPU
	EndGlobalSection
	GlobalSection(SolutionProperties) = preSolution
		HideSolutionNode = FALSE
	EndGlobalSection
	GlobalSection(NestedProjects) = preSolution
		{AB56E983-2A5F-414B-B9E3-20FE57DEDFF9} = {E0450C9E-A3FD-4EA4-812B-5A1EC996740F}
		{0C574E77-FBB6-4E21-9044-A8A023AF68AB} = {E8B440AF-2D4C-4CD5-A2F4-51283F2BC113}
		{02EA681E-C7D8-13C7-8484-4AC65E1B71E8} = {E0450C9E-A3FD-4EA4-812B-5A1EC996740F}
		{5347A74E-D8DF-E5C7-354B-5B5F8627285F} = {02EA681E-C7D8-13C7-8484-4AC65E1B71E8}
		{81D74089-EFC8-0512-A483-03CC3112AE60} = {02EA681E-C7D8-13C7-8484-4AC65E1B71E8}
		{87A4B042-0585-953E-E6C0-2B0CB95089D3} = {AB56E983-2A5F-414B-B9E3-20FE57DEDFF9}
		{FA764F9B-84DC-41D9-B0BB-20CD917B99AC} = {E0450C9E-A3FD-4EA4-812B-5A1EC996740F}
		{C07A439C-1C74-8A76-9BA0-82BA077FAE4C} = {FA764F9B-84DC-41D9-B0BB-20CD917B99AC}
		{2CC6360F-262A-17C8-6D10-E461489C0EA8} = {FA764F9B-84DC-41D9-B0BB-20CD917B99AC}
		{917AE14F-08B2-4CEC-BE5F-134F3A714DBD} = {FA764F9B-84DC-41D9-B0BB-20CD917B99AC}
		{B6BA6DF3-1999-4EAF-A814-C6E5F6CB8692} = {AB56E983-2A5F-414B-B9E3-20FE57DEDFF9}
		{E0FC830E-D646-4803-889F-EB197E52AB08} = {E0450C9E-A3FD-4EA4-812B-5A1EC996740F}
		{55C3EED6-B728-4796-8873-4F6F2830006E} = {E0FC830E-D646-4803-889F-EB197E52AB08}
		{34491AED-60E2-4ACD-9C20-07F499A9EB77} = {E0450C9E-A3FD-4EA4-812B-5A1EC996740F}
		{008DF877-A243-4E6D-BD37-2A3014144F0E} = {34491AED-60E2-4ACD-9C20-07F499A9EB77}
		{EBB10726-678C-40B2-96CD-0F3C579A321A} = {34491AED-60E2-4ACD-9C20-07F499A9EB77}
		{0706CAEB-92FE-EC57-874F-E1A95A8AE613} = {34491AED-60E2-4ACD-9C20-07F499A9EB77}
		{893AC782-A98B-4CFD-AAB7-F99424D2D244} = {34491AED-60E2-4ACD-9C20-07F499A9EB77}
		{27D4209B-4905-4ADA-9733-AEB1950B0A84} = {AB56E983-2A5F-414B-B9E3-20FE57DEDFF9}
	EndGlobalSection
	GlobalSection(ExtensibilityGlobals) = postSolution
		SolutionGuid = {17F090BE-05C4-4A3B-8E16-DE06367CAF21}
	EndGlobalSection
EndGlobal
