<?xml version="1.0" encoding="utf-8"?>
<Project ToolsVersion="4.0" xmlns="http://schemas.microsoft.com/developer/msbuild/2003">
  <ItemGroup>
    <ClCompile Include="main.cpp" />
  </ItemGroup>
  <ItemGroup>
    <ClInclude Include="resource.h" />
  </ItemGroup>
  <ItemGroup>
    <ResourceCompile Include="Resource.rc" />
  </ItemGroup>
  <ItemGroup>
    <Filter Include="Assets">
      <UniqueIdentifier>{b8303938-0088-434e-aba9-f4c62c30f095}</UniqueIdentifier>
    </Filter>
  </ItemGroup>
  <ItemGroup>
    <Image Include="..\..\..\..\AuraEchoResources\logo.ico">
      <Filter>Assets</Filter>
    </Image>
    <Image Include="..\..\..\..\AuraEchoResources\splash_screen.png">
      <Filter>Assets</Filter>
    </Image>
  </ItemGroup>
</Project>